
Microsoft Visual Studio Solution File, Format Version 12.00
# Visual Studio Version 16
VisualStudioVersion = 16.0.29020.237
MinimumVisualStudioVersion = 10.0.40219.1
Project("{FAE04EC0-301F-11D3-BF4B-00C04F79EFBC}") = "VendingMachine", "VendingMachine\VendingMachine.csproj", "{082801EA-2A99-40DA-BF14-B27508ED833D}"
EndProject
Global
	GlobalSection(SolutionConfigurationPlatforms) = preSolution
		Debug|Any CPU = Debug|Any CPU
		Release|Any CPU = Release|Any CPU
	EndGlobalSection
	GlobalSection(ProjectConfigurationPlatforms) = postSolution
		{082801EA-2A99-40DA-BF14-B27508ED833D}.Debug|Any CPU.ActiveCfg = Debug|Any CPU
		{082801EA-2A99-40DA-BF14-B27508ED833D}.Debug|Any CPU.Build.0 = Debug|Any CPU
		{082801EA-2A99-40DA-BF14-B27508ED833D}.Release|Any CPU.ActiveCfg = Release|Any CPU
		{082801EA-2A99-40DA-BF14-B27508ED833D}.Release|Any CPU.Build.0 = Release|Any CPU
	EndGlobalSection
	GlobalSection(SolutionProperties) = preSolution
		HideSolutionNode = FALSE
	EndGlobalSection
	GlobalSection(ExtensibilityGlobals) = postSolution
		SolutionGuid = {84D5F30D-5F89-4D7B-B67E-45308E003EB9}
	EndGlobalSection
EndGlobal
