
Microsoft Visual Studio Solution File, Format Version 12.00
# Visual Studio Version 16
VisualStudioVersion = 16.0.29020.237
MinimumVisualStudioVersion = 10.0.40219.1
Project("{FAE04EC0-301F-11D3-BF4B-00C04F79EFBC}") = "ColorBrightBy3Array", "ColorBrightBy3Array.csproj", "{88A9A4D6-F261-4896-9F72-AF99698F9E6A}"
EndProject
Global
	GlobalSection(SolutionConfigurationPlatforms) = preSolution
		Debug|Any CPU = Debug|Any CPU
		Release|Any CPU = Release|Any CPU
	EndGlobalSection
	GlobalSection(ProjectConfigurationPlatforms) = postSolution
		{88A9A4D6-F261-4896-9F72-AF99698F9E6A}.Debug|Any CPU.ActiveCfg = Debug|Any CPU
		{88A9A4D6-F261-4896-9F72-AF99698F9E6A}.Debug|Any CPU.Build.0 = Debug|Any CPU
		{88A9A4D6-F261-4896-9F72-AF99698F9E6A}.Release|Any CPU.ActiveCfg = Release|Any CPU
		{88A9A4D6-F261-4896-9F72-AF99698F9E6A}.Release|Any CPU.Build.0 = Release|Any CPU
	EndGlobalSection
	GlobalSection(SolutionProperties) = preSolution
		HideSolutionNode = FALSE
	EndGlobalSection
	GlobalSection(ExtensibilityGlobals) = postSolution
		SolutionGuid = {AC14E76F-1427-4798-B445-6653D02A5062}
	EndGlobalSection
EndGlobal
