
Microsoft Visual Studio Solution File, Format Version 12.00
# Visual Studio Version 16
VisualStudioVersion = 16.0.29020.237
MinimumVisualStudioVersion = 10.0.40219.1
Project("{FAE04EC0-301F-11D3-BF4B-00C04F79EFBC}") = "bandingmachine", "bandingmachine\bandingmachine.csproj", "{9DAB4564-FC68-4DAB-9FA4-0CB82FD3626F}"
EndProject
Global
	GlobalSection(SolutionConfigurationPlatforms) = preSolution
		Debug|Any CPU = Debug|Any CPU
		Release|Any CPU = Release|Any CPU
	EndGlobalSection
	GlobalSection(ProjectConfigurationPlatforms) = postSolution
		{9DAB4564-FC68-4DAB-9FA4-0CB82FD3626F}.Debug|Any CPU.ActiveCfg = Debug|Any CPU
		{9DAB4564-FC68-4DAB-9FA4-0CB82FD3626F}.Debug|Any CPU.Build.0 = Debug|Any CPU
		{9DAB4564-FC68-4DAB-9FA4-0CB82FD3626F}.Release|Any CPU.ActiveCfg = Release|Any CPU
		{9DAB4564-FC68-4DAB-9FA4-0CB82FD3626F}.Release|Any CPU.Build.0 = Release|Any CPU
	EndGlobalSection
	GlobalSection(SolutionProperties) = preSolution
		HideSolutionNode = FALSE
	EndGlobalSection
	GlobalSection(ExtensibilityGlobals) = postSolution
		SolutionGuid = {5D0544B4-2482-49C9-8EDC-CCD389FB3035}
	EndGlobalSection
EndGlobal
